{
  "name": "typescript-t",
  "version": "1.0.0",
  "lockfileVersion": 2,
  "requires": true,
  "packages": {
    "": {
      "name": "typescript-t",
      "version": "1.0.0",
      "license": "CC-BY-SA-4.0",
      "devDependencies": {
        "@types/http-errors": "^1.8.1",
        "@types/sinon": "^10.0.6"
      }
    },
    "node_modules/@sinonjs/commons": {
      "version": "1.8.3",
      "resolved": "https://registry.npmjs.org/@sinonjs/commons/-/commons-1.8.3.tgz",
      "integrity": "sha512-xkNcLAn/wZaX14RPlwizcKicDk9G3F8m2nU3L7Ukm5zBgTwiT0wsoFAHx9Jq56fJA1z/7uKGtCRu16sOUCLIHQ==",
      "dev": true,
      "dependencies": {
        "type-detect": "4.0.8"
      }
    },
    "node_modules/@sinonjs/fake-timers": {
      "version": "7.1.2",
      "resolved": "https://registry.npmjs.org/@sinonjs/fake-timers/-/fake-timers-7.1.2.tgz",
      "integrity": "sha512-iQADsW4LBMISqZ6Ci1dupJL9pprqwcVFTcOsEmQOEhW+KLCVn/Y4Jrvg2k19fIHCp+iFprriYPTdRcQR8NbUPg==",
      "dev": true,
      "dependencies": {
        "@sinonjs/commons": "^1.7.0"
      }
    },
    "node_modules/@types/http-errors": {
      "version": "1.8.1",
      "resolved": "https://registry.npmjs.org/@types/http-errors/-/http-errors-1.8.1.tgz",
      "integrity": "sha512-e+2rjEwK6KDaNOm5Aa9wNGgyS9oSZU/4pfSMMPYNOfjvFI0WVXm29+ITRFr6aKDvvKo7uU1jV68MW4ScsfDi7Q==",
      "dev": true
    },
    "node_modules/@types/sinon": {
      "version": "10.0.6",
      "resolved": "https://registry.npmjs.org/@types/sinon/-/sinon-10.0.6.tgz",
      "integrity": "sha512-6EF+wzMWvBNeGrfP3Nx60hhx+FfwSg1JJBLAAP/IdIUq0EYkqCYf70VT3PhuhPX9eLD+Dp+lNdpb/ZeHG8Yezg==",
      "dev": true,
      "dependencies": {
        "@sinonjs/fake-timers": "^7.1.0"
      }
    },
    "node_modules/type-detect": {
      "version": "4.0.8",
      "resolved": "https://registry.npmjs.org/type-detect/-/type-detect-4.0.8.tgz",
      "integrity": "sha512-0fr/mIH1dlO+x7TlcMy+bIDqKPsw/70tVyeHW787goQjhmqaZe10uwLujubK9q9Lg6Fiho1KUKDYz0Z7k7g5/g==",
      "dev": true,
      "engines": {
        "node": ">=4"
      }
    }
  },
  "dependencies": {
    "@sinonjs/commons": {
      "version": "1.8.3",
      "resolved": "https://registry.npmjs.org/@sinonjs/commons/-/commons-1.8.3.tgz",
      "integrity": "sha512-xkNcLAn/wZaX14RPlwizcKicDk9G3F8m2nU3L7Ukm5zBgTwiT0wsoFAHx9Jq56fJA1z/7uKGtCRu16sOUCLIHQ==",
      "dev": true,
      "requires": {
        "type-detect": "4.0.8"
      }
    },
    "@sinonjs/fake-timers": {
      "version": "7.1.2",
      "resolved": "https://registry.npmjs.org/@sinonjs/fake-timers/-/fake-timers-7.1.2.tgz",
      "integrity": "sha512-iQADsW4LBMISqZ6Ci1dupJL9pprqwcVFTcOsEmQOEhW+KLCVn/Y4Jrvg2k19fIHCp+iFprriYPTdRcQR8NbUPg==",
      "dev": true,
      "requires": {
        "@sinonjs/commons": "^1.7.0"
      }
    },
    "@types/http-errors": {
      "version": "1.8.1",
      "resolved": "https://registry.npmjs.org/@types/http-errors/-/http-errors-1.8.1.tgz",
      "integrity": "sha512-e+2rjEwK6KDaNOm5Aa9wNGgyS9oSZU/4pfSMMPYNOfjvFI0WVXm29+ITRFr6aKDvvKo7uU1jV68MW4ScsfDi7Q==",
      "dev": true
    },
    "@types/sinon": {
      "version": "10.0.6",
      "resolved": "https://registry.npmjs.org/@types/sinon/-/sinon-10.0.6.tgz",
      "integrity": "sha512-6EF+wzMWvBNeGrfP3Nx60hhx+FfwSg1JJBLAAP/IdIUq0EYkqCYf70VT3PhuhPX9eLD+Dp+lNdpb/ZeHG8Yezg==",
      "dev": true,
      "requires": {
        "@sinonjs/fake-timers": "^7.1.0"
      }
    },
    "type-detect": {
      "version": "4.0.8",
      "resolved": "https://registry.npmjs.org/type-detect/-/type-detect-4.0.8.tgz",
      "integrity": "sha512-0fr/mIH1dlO+x7TlcMy+bIDqKPsw/70tVyeHW787goQjhmqaZe10uwLujubK9q9Lg6Fiho1KUKDYz0Z7k7g5/g==",
      "dev": true
    }
  }
}
